# This file is automatically @generated by Cargo.
# It is not intended for manual editing.
version = 4

[[package]]
name = "teos-common"
version = "0.1.0"

[[package]]
name = "teos-orchestration-layer"
version = "0.1.0"
dependencies = [
 "teos-common",
]

[[package]]
name = "teos-pqc"
version = "0.1.0"
dependencies = [
 "teos-common",
]

[[package]]
name = "teos-qkd"
version = "0.1.0"
dependencies = [
 "teos-common",
]

[[package]]
name = "teos-qrng"
version = "0.1.0"
dependencies = [
 "teos-common",
]
